// !$*UTF8*$!
{
	archiveVersion = 1;
	classes = {
	};
	objectVersion = 51;
	objects = {

/* Begin PBXBuildFile section */
		8EE908C724F7D20000F9E3D8 /* AppDelegate.swift in Sources */ = {isa = PBXBuildFile; fileRef = 8EE908C624F7D20000F9E3D8 /* AppDelegate.swift */; };
		8EE908C924F7D20000F9E3D8 /* SceneDelegate.swift in Sources */ = {isa = PBXBuildFile; fileRef = 8EE908C824F7D20000F9E3D8 /* SceneDelegate.swift */; };
		8EE908CE24F7D20000F9E3D8 /* Main.storyboard in Resources */ = {isa = PBXBuildFile; fileRef = 8EE908CC24F7D20000F9E3D8 /* Main.storyboard */; };
		8EE908D024F7D20100F9E3D8 /* Assets.xcassets in Resources */ = {isa = PBXBuildFile; fileRef = 8EE908CF24F7D20100F9E3D8 /* Assets.xcassets */; };
		8EE908D324F7D20100F9E3D8 /* LaunchScreen.storyboard in Resources */ = {isa = PBXBuildFile; fileRef = 8EE908D124F7D20100F9E3D8 /* LaunchScreen.storyboard */; };
		8EF144DF24F8F4D2003D294E /* NasaItemsController.swift in Sources */ = {isa = PBXBuildFile; fileRef = 8EF144DE24F8F4D2003D294E /* NasaItemsController.swift */; };
		8EF144E124F8F55F003D294E /* NasaItemDetailsController.swift in Sources */ = {isa = PBXBuildFile; fileRef = 8EF144E024F8F55F003D294E /* NasaItemDetailsController.swift */; };
		8EF144E324F8F5CC003D294E /* NasaItem.swift in Sources */ = {isa = PBXBuildFile; fileRef = 8EF144E224F8F5CC003D294E /* NasaItem.swift */; };
		8EF144E624F8F6B9003D294E /* NasaItemTableCell.swift in Sources */ = {isa = PBXBuildFile; fileRef = 8EF144E424F8F6B9003D294E /* NasaItemTableCell.swift */; };
		8EF144E724F8F6B9003D294E /* NasaItemTableCell.xib in Resources */ = {isa = PBXBuildFile; fileRef = 8EF144E524F8F6B9003D294E /* NasaItemTableCell.xib */; };
		D38D2E9200531CBD8A96319C /* Pods_App_iOS.framework in Frameworks */ = {isa = PBXBuildFile; fileRef = 0C27209C64DBF5B6D9604EDA /* Pods_App_iOS.framework */; };
/* End PBXBuildFile section */

/* Begin PBXFileReference section */
		0C27209C64DBF5B6D9604EDA /* Pods_App_iOS.framework */ = {isa = PBXFileReference; explicitFileType = wrapper.framework; includeInIndex = 0; path = Pods_App_iOS.framework; sourceTree = BUILT_PRODUCTS_DIR; };
		57C7F78AFA135DBDA499BACB /* Pods-App_iOS.release.xcconfig */ = {isa = PBXFileReference; includeInIndex = 1; lastKnownFileType = text.xcconfig; name = "Pods-App_iOS.release.xcconfig"; path = "Target Support Files/Pods-App_iOS/Pods-App_iOS.release.xcconfig"; sourceTree = "<group>"; };
		8EE908C324F7D20000F9E3D8 /* App_iOS.app */ = {isa = PBXFileReference; explicitFileType = wrapper.application; includeInIndex = 0; path = App_iOS.app; sourceTree = BUILT_PRODUCTS_DIR; };
		8EE908C624F7D20000F9E3D8 /* AppDelegate.swift */ = {isa = PBXFileReference; lastKnownFileType = sourcecode.swift; path = AppDelegate.swift; sourceTree = "<group>"; };
		8EE908C824F7D20000F9E3D8 /* SceneDelegate.swift */ = {isa = PBXFileReference; lastKnownFileType = sourcecode.swift; path = SceneDelegate.swift; sourceTree = "<group>"; };
		8EE908CD24F7D20000F9E3D8 /* Base */ = {isa = PBXFileReference; lastKnownFileType = file.storyboard; name = Base; path = Base.lproj/Main.storyboard; sourceTree = "<group>"; };
		8EE908CF24F7D20100F9E3D8 /* Assets.xcassets */ = {isa = PBXFileReference; lastKnownFileType = folder.assetcatalog; path = Assets.xcassets; sourceTree = "<group>"; };
		8EE908D224F7D20100F9E3D8 /* Base */ = {isa = PBXFileReference; lastKnownFileType = file.storyboard; name = Base; path = Base.lproj/LaunchScreen.storyboard; sourceTree = "<group>"; };
		8EE908D424F7D20100F9E3D8 /* Info.plist */ = {isa = PBXFileReference; lastKnownFileType = text.plist.xml; path = Info.plist; sourceTree = "<group>"; };
		8EF144DE24F8F4D2003D294E /* NasaItemsController.swift */ = {isa = PBXFileReference; lastKnownFileType = sourcecode.swift; path = NasaItemsController.swift; sourceTree = "<group>"; };
		8EF144E024F8F55F003D294E /* NasaItemDetailsController.swift */ = {isa = PBXFileReference; lastKnownFileType = sourcecode.swift; path = NasaItemDetailsController.swift; sourceTree = "<group>"; };
		8EF144E224F8F5CC003D294E /* NasaItem.swift */ = {isa = PBXFileReference; lastKnownFileType = sourcecode.swift; path = NasaItem.swift; sourceTree = "<group>"; };
		8EF144E424F8F6B9003D294E /* NasaItemTableCell.swift */ = {isa = PBXFileReference; lastKnownFileType = sourcecode.swift; path = NasaItemTableCell.swift; sourceTree = "<group>"; };
		8EF144E524F8F6B9003D294E /* NasaItemTableCell.xib */ = {isa = PBXFileReference; lastKnownFileType = file.xib; path = NasaItemTableCell.xib; sourceTree = "<group>"; };
		FB5C583F03E070C161CF2E83 /* Pods-App_iOS.debug.xcconfig */ = {isa = PBXFileReference; includeInIndex = 1; lastKnownFileType = text.xcconfig; name = "Pods-App_iOS.debug.xcconfig"; path = "Target Support Files/Pods-App_iOS/Pods-App_iOS.debug.xcconfig"; sourceTree = "<group>"; };
/* End PBXFileReference section */

/* Begin PBXFrameworksBuildPhase section */
		8EE908C024F7D20000F9E3D8 /* Frameworks */ = {
			isa = PBXFrameworksBuildPhase;
			buildActionMask = 2147483647;
			files = (
				D38D2E9200531CBD8A96319C /* Pods_App_iOS.framework in Frameworks */,
			);
			runOnlyForDeploymentPostprocessing = 0;
		};
/* End PBXFrameworksBuildPhase section */

/* Begin PBXGroup section */
		53D3737E11186925C48FE5C8 /* Frameworks */ = {
			isa = PBXGroup;
			children = (
				0C27209C64DBF5B6D9604EDA /* Pods_App_iOS.framework */,
			);
			name = Frameworks;
			sourceTree = "<group>";
		};
		8EE908BA24F7D20000F9E3D8 = {
			isa = PBXGroup;
			children = (
				8EE908C524F7D20000F9E3D8 /* App_iOS */,
				8EE908C424F7D20000F9E3D8 /* Products */,
				9FA8F922E6C01F8FA63F4623 /* Pods */,
				53D3737E11186925C48FE5C8 /* Frameworks */,
			);
			sourceTree = "<group>";
		};
		8EE908C424F7D20000F9E3D8 /* Products */ = {
			isa = PBXGroup;
			children = (
				8EE908C324F7D20000F9E3D8 /* App_iOS.app */,
			);
			name = Products;
			sourceTree = "<group>";
		};
		8EE908C524F7D20000F9E3D8 /* App_iOS */ = {
			isa = PBXGroup;
			children = (
				8EE908C624F7D20000F9E3D8 /* AppDelegate.swift */,
				8EE908C824F7D20000F9E3D8 /* SceneDelegate.swift */,
				8EF144DE24F8F4D2003D294E /* NasaItemsController.swift */,
				8EF144E024F8F55F003D294E /* NasaItemDetailsController.swift */,
				8EE908CC24F7D20000F9E3D8 /* Main.storyboard */,
				8EE908CF24F7D20100F9E3D8 /* Assets.xcassets */,
				8EE908D124F7D20100F9E3D8 /* LaunchScreen.storyboard */,
				8EE908D424F7D20100F9E3D8 /* Info.plist */,
				8EF144E224F8F5CC003D294E /* NasaItem.swift */,
				8EF144E424F8F6B9003D294E /* NasaItemTableCell.swift */,
				8EF144E524F8F6B9003D294E /* NasaItemTableCell.xib */,
			);
			path = App_iOS;
			sourceTree = "<group>";
		};
		9FA8F922E6C01F8FA63F4623 /* Pods */ = {
			isa = PBXGroup;
			children = (
				FB5C583F03E070C161CF2E83 /* Pods-App_iOS.debug.xcconfig */,
				57C7F78AFA135DBDA499BACB /* Pods-App_iOS.release.xcconfig */,
			);
			path = Pods;
			sourceTree = "<group>";
		};
/* End PBXGroup section */

/* Begin PBXNativeTarget section */
		8EE908C224F7D20000F9E3D8 /* App_iOS */ = {
			isa = PBXNativeTarget;
			buildConfigurationList = 8EE908D724F7D20100F9E3D8 /* Build configuration list for PBXNativeTarget "App_iOS" */;
			buildPhases = (
				0E07585B60586E412D3A2ECC /* [CP] Check Pods Manifest.lock */,
				8EE908BF24F7D20000F9E3D8 /* Sources */,
				8EE908C024F7D20000F9E3D8 /* Frameworks */,
				8EE908C124F7D20000F9E3D8 /* Resources */,
				ADEBA40FC20A5A4A535FB276 /* [CP] Embed Pods Frameworks */,
			);
			buildRules = (
			);
			dependencies = (
			);
			name = App_iOS;
			productName = App_iOS;
			productReference = 8EE908C324F7D20000F9E3D8 /* App_iOS.app */;
			productType = "com.apple.product-type.application";
		};
/* End PBXNativeTarget section */

/* Begin PBXProject section */
		8EE908BB24F7D20000F9E3D8 /* Project object */ = {
			isa = PBXProject;
			attributes = {
				LastSwiftUpdateCheck = 1140;
				LastUpgradeCheck = 1140;
				ORGANIZATIONNAME = com.fiek;
				TargetAttributes = {
					8EE908C224F7D20000F9E3D8 = {
						CreatedOnToolsVersion = 11.4.1;
					};
				};
			};
			buildConfigurationList = 8EE908BE24F7D20000F9E3D8 /* Build configuration list for PBXProject "App_iOS" */;
			compatibilityVersion = "Xcode 9.3";
			developmentRegion = en;
			hasScannedForEncodings = 0;
			knownRegions = (
				en,
				Base,
			);
			mainGroup = 8EE908BA24F7D20000F9E3D8;
			productRefGroup = 8EE908C424F7D20000F9E3D8 /* Products */;
			projectDirPath = "";
			projectRoot = "";
			targets = (
				8EE908C224F7D20000F9E3D8 /* App_iOS */,
			);
		};
/* End PBXProject section */

/* Begin PBXResourcesBuildPhase section */
		8EE908C124F7D20000F9E3D8 /* Resources */ = {
			isa = PBXResourcesBuildPhase;
			buildActionMask = 2147483647;
			files = (
				8EF144E724F8F6B9003D294E /* NasaItemTableCell.xib in Resources */,
				8EE908D324F7D20100F9E3D8 /* LaunchScreen.storyboard in Resources */,
				8EE908D024F7D20100F9E3D8 /* Assets.xcassets in Resources */,
				8EE908CE24F7D20000F9E3D8 /* Main.storyboard in Resources */,
			);
			runOnlyForDeploymentPostprocessing = 0;
		};
/* End PBXResourcesBuildPhase section */

/* Begin PBXShellScriptBuildPhase section */
		0E07585B60586E412D3A2ECC /* [CP] Check Pods Manifest.lock */ = {
			isa = PBXShellScriptBuildPhase;
			buildActionMask = 2147483647;
			files = (
			);
			inputFileListPaths = (
			);
			inputPaths = (
				"${PODS_PODFILE_DIR_PATH}/Podfile.lock",
				"${PODS_ROOT}/Manifest.lock",
			);
			name = "[CP] Check Pods Manifest.lock";
			outputFileListPaths = (
			);
			outputPaths = (
				"$(DERIVED_FILE_DIR)/Pods-App_iOS-checkManifestLockResult.txt",
			);
			runOnlyForDeploymentPostprocessing = 0;
			shellPath = /bin/sh;
			shellScript = "diff \"${PODS_PODFILE_DIR_PATH}/Podfile.lock\" \"${PODS_ROOT}/Manifest.lock\" > /dev/null\nif [ $? != 0 ] ; then\n    # print error to STDERR\n    echo \"error: The sandbox is not in sync with the Podfile.lock. Run 'pod install' or update your CocoaPods installation.\" >&2\n    exit 1\nfi\n# This output is used by Xcode 'outputs' to avoid re-running this script phase.\necho \"SUCCESS\" > \"${SCRIPT_OUTPUT_FILE_0}\"\n";
			showEnvVarsInLog = 0;
		};
		ADEBA40FC20A5A4A535FB276 /* [CP] Embed Pods Frameworks */ = {
			isa = PBXShellScriptBuildPhase;
			buildActionMask = 2147483647;
			files = (
			);
			inputFileListPaths = (
				"${PODS_ROOT}/Target Support Files/Pods-App_iOS/Pods-App_iOS-frameworks-${CONFIGURATION}-input-files.xcfilelist",
			);
			name = "[CP] Embed Pods Frameworks";
			outputFileListPaths = (
				"${PODS_ROOT}/Target Support Files/Pods-App_iOS/Pods-App_iOS-frameworks-${CONFIGURATION}-output-files.xcfilelist",
			);
			runOnlyForDeploymentPostprocessing = 0;
			shellPath = /bin/sh;
			shellScript = "\"${PODS_ROOT}/Target Support Files/Pods-App_iOS/Pods-App_iOS-frameworks.sh\"\n";
			showEnvVarsInLog = 0;
		};
/* End PBXShellScriptBuildPhase section */

/* Begin PBXSourcesBuildPhase section */
		8EE908BF24F7D20000F9E3D8 /* Sources */ = {
			isa = PBXSourcesBuildPhase;
			buildActionMask = 2147483647;
			files = (
				8EE908C724F7D20000F9E3D8 /* AppDelegate.swift in Sources */,
				8EE908C924F7D20000F9E3D8 /* SceneDelegate.swift in Sources */,
				8EF144E124F8F55F003D294E /* NasaItemDetailsController.swift in Sources */,
				8EF144DF24F8F4D2003D294E /* NasaItemsController.swift in Sources */,
				8EF144E624F8F6B9003D294E /* NasaItemTableCell.swift in Sources */,
				8EF144E324F8F5CC003D294E /* NasaItem.swift in Sources */,
			);
			runOnlyForDeploymentPostprocessing = 0;
		};
/* End PBXSourcesBuildPhase section */

/* Begin PBXVariantGroup section */
		8EE908CC24F7D20000F9E3D8 /* Main.storyboard */ = {
			isa = PBXVariantGroup;
			children = (
				8EE908CD24F7D20000F9E3D8 /* Base */,
			);
			name = Main.storyboard;
			sourceTree = "<group>";
		};
		8EE908D124F7D20100F9E3D8 /* LaunchScreen.storyboard */ = {
			isa = PBXVariantGroup;
			children = (
				8EE908D224F7D20100F9E3D8 /* Base */,
			);
			name = LaunchScreen.storyboard;
			sourceTree = "<group>";
		};
/* End PBXVariantGroup section */

/* Begin XCBuildConfiguration section */
		8EE908D524F7D20100F9E3D8 /* Debug */ = {
			isa = XCBuildConfiguration;
			buildSettings = {
				ALWAYS_SEARCH_USER_PATHS = NO;
				CLANG_ANALYZER_NONNULL = YES;
				CLANG_ANALYZER_NUMBER_OBJECT_CONVERSION = YES_AGGRESSIVE;
				CLANG_CXX_LANGUAGE_STANDARD = "gnu++14";
				CLANG_CXX_LIBRARY = "libc++";
				CLANG_ENABLE_MODULES = YES;
				CLANG_ENABLE_OBJC_ARC = YES;
				CLANG_ENABLE_OBJC_WEAK = YES;
				CLANG_WARN_BLOCK_CAPTURE_AUTORELEASING = YES;
				CLANG_WARN_BOOL_CONVERSION = YES;
				CLANG_WARN_COMMA = YES;
				CLANG_WARN_CONSTANT_CONVERSION = YES;
				CLANG_WARN_DEPRECATED_OBJC_IMPLEMENTATIONS = YES;
				CLANG_WARN_DIRECT_OBJC_ISA_USAGE = YES_ERROR;
				CLANG_WARN_DOCUMENTATION_COMMENTS = YES;
				CLANG_WARN_EMPTY_BODY = YES;
				CLANG_WARN_ENUM_CONVERSION = YES;
				CLANG_WARN_INFINITE_RECURSION = YES;
				CLANG_WARN_INT_CONVERSION = YES;
				CLANG_WARN_NON_LITERAL_NULL_CONVERSION = YES;
				CLANG_WARN_OBJC_IMPLICIT_RETAIN_SELF = YES;
				CLANG_WARN_OBJC_LITERAL_CONVERSION = YES;
				CLANG_WARN_OBJC_ROOT_CLASS = YES_ERROR;
				CLANG_WARN_RANGE_LOOP_ANALYSIS = YES;
				CLANG_WARN_STRICT_PROTOTYPES = YES;
				CLANG_WARN_SUSPICIOUS_MOVE = YES;
				CLANG_WARN_UNGUARDED_AVAILABILITY = YES_AGGRESSIVE;
				CLANG_WARN_UNREACHABLE_CODE = YES;
				CLANG_WARN__DUPLICATE_METHOD_MATCH = YES;
				COPY_PHASE_STRIP = NO;
				DEBUG_INFORMATION_FORMAT = dwarf;
				ENABLE_STRICT_OBJC_MSGSEND = YES;
				ENABLE_TESTABILITY = YES;
				GCC_C_LANGUAGE_STANDARD = gnu11;
				GCC_DYNAMIC_NO_PIC = NO;
				GCC_NO_COMMON_BLOCKS = YES;
				GCC_OPTIMIZATION_LEVEL = 0;
				GCC_PREPROCESSOR_DEFINITIONS = (
					"DEBUG=1",
					"$(inherited)",
				);
				GCC_WARN_64_TO_32_BIT_CONVERSION = YES;
				GCC_WARN_ABOUT_RETURN_TYPE = YES_ERROR;
				GCC_WARN_UNDECLARED_SELECTOR = YES;
				GCC_WARN_UNINITIALIZED_AUTOS = YES_AGGRESSIVE;
				GCC_WARN_UNUSED_FUNCTION = YES;
				GCC_WARN_UNUSED_VARIABLE = YES;
				IPHONEOS_DEPLOYMENT_TARGET = 13.4;
				MTL_ENABLE_DEBUG_INFO = INCLUDE_SOURCE;
				MTL_FAST_MATH = YES;
				ONLY_ACTIVE_ARCH = YES;
				SDKROOT = iphoneos;
				SWIFT_ACTIVE_COMPILATION_CONDITIONS = DEBUG;
				SWIFT_OPTIMIZATION_LEVEL = "-Onone";
			};
			name = Debug;
		};
		8EE908D624F7D20100F9E3D8 /* Release */ = {
			isa = XCBuildConfiguration;
			buildSettings = {
				ALWAYS_SEARCH_USER_PATHS = NO;
				CLANG_ANALYZER_NONNULL = YES;
				CLANG_ANALYZER_NUMBER_OBJECT_CONVERSION = YES_AGGRESSIVE;
				CLANG_CXX_LANGUAGE_STANDARD = "gnu++14";
				CLANG_CXX_LIBRARY = "libc++";
				CLANG_ENABLE_MODULES = YES;
				CLANG_ENABLE_OBJC_ARC = YES;
				CLANG_ENABLE_OBJC_WEAK = YES;
				CLANG_WARN_BLOCK_CAPTURE_AUTORELEASING = YES;
				CLANG_WARN_BOOL_CONVERSION = YES;
				CLANG_WARN_COMMA = YES;
				CLANG_WARN_CONSTANT_CONVERSION = YES;
				CLANG_WARN_DEPRECATED_OBJC_IMPLEMENTATIONS = YES;
				CLANG_WARN_DIRECT_OBJC_ISA_USAGE = YES_ERROR;
				CLANG_WARN_DOCUMENTATION_COMMENTS = YES;
				CLANG_WARN_EMPTY_BODY = YES;
				CLANG_WARN_ENUM_CONVERSION = YES;
				CLANG_WARN_INFINITE_RECURSION = YES;
				CLANG_WARN_INT_CONVERSION = YES;
				CLANG_WARN_NON_LITERAL_NULL_CONVERSION = YES;
				CLANG_WARN_OBJC_IMPLICIT_RETAIN_SELF = YES;
				CLANG_WARN_OBJC_LITERAL_CONVERSION = YES;
				CLANG_WARN_OBJC_ROOT_CLASS = YES_ERROR;
				CLANG_WARN_RANGE_LOOP_ANALYSIS = YES;
				CLANG_WARN_STRICT_PROTOTYPES = YES;
				CLANG_WARN_SUSPICIOUS_MOVE = YES;
				CLANG_WARN_UNGUARDED_AVAILABILITY = YES_AGGRESSIVE;
				CLANG_WARN_UNREACHABLE_CODE = YES;
				CLANG_WARN__DUPLICATE_METHOD_MATCH = YES;
				COPY_PHASE_STRIP = NO;
				DEBUG_INFORMATION_FORMAT = "dwarf-with-dsym";
				ENABLE_NS_ASSERTIONS = NO;
				ENABLE_STRICT_OBJC_MSGSEND = YES;
				GCC_C_LANGUAGE_STANDARD = gnu11;
				GCC_NO_COMMON_BLOCKS = YES;
				GCC_WARN_64_TO_32_BIT_CONVERSION = YES;
				GCC_WARN_ABOUT_RETURN_TYPE = YES_ERROR;
				GCC_WARN_UNDECLARED_SELECTOR = YES;
				GCC_WARN_UNINITIALIZED_AUTOS = YES_AGGRESSIVE;
				GCC_WARN_UNUSED_FUNCTION = YES;
				GCC_WARN_UNUSED_VARIABLE = YES;
				IPHONEOS_DEPLOYMENT_TARGET = 13.4;
				MTL_ENABLE_DEBUG_INFO = NO;
				MTL_FAST_MATH = YES;
				SDKROOT = iphoneos;
				SWIFT_COMPILATION_MODE = wholemodule;
				SWIFT_OPTIMIZATION_LEVEL = "-O";
				VALIDATE_PRODUCT = YES;
			};
			name = Release;
		};
		8EE908D824F7D20100F9E3D8 /* Debug */ = {
			isa = XCBuildConfiguration;
			baseConfigurationReference = FB5C583F03E070C161CF2E83 /* Pods-App_iOS.debug.xcconfig */;
			buildSettings = {
				ASSETCATALOG_COMPILER_APPICON_NAME = AppIcon;
				CODE_SIGN_STYLE = Automatic;
				INFOPLIST_FILE = App_iOS/Info.plist;
				LD_RUNPATH_SEARCH_PATHS = (
					"$(inherited)",
					"@executable_path/Frameworks",
				);
				PRODUCT_BUNDLE_IDENTIFIER = "Ndricim.App-iOS";
				PRODUCT_NAME = "$(TARGET_NAME)";
				SWIFT_VERSION = 5.0;
				TARGETED_DEVICE_FAMILY = "1,2";
			};
			name = Debug;
		};
		8EE908D924F7D20100F9E3D8 /* Release */ = {
			isa = XCBuildConfiguration;
			baseConfigurationReference = 57C7F78AFA135DBDA499BACB /* Pods-App_iOS.release.xcconfig */;
			buildSettings = {
				ASSETCATALOG_COMPILER_APPICON_NAME = AppIcon;
				CODE_SIGN_STYLE = Automatic;
				INFOPLIST_FILE = App_iOS/Info.plist;
				LD_RUNPATH_SEARCH_PATHS = (
					"$(inherited)",
					"@executable_path/Frameworks",
				);
				PRODUCT_BUNDLE_IDENTIFIER = "Ndricim.App-iOS";
				PRODUCT_NAME = "$(TARGET_NAME)";
				SWIFT_VERSION = 5.0;
				TARGETED_DEVICE_FAMILY = "1,2";
			};
			name = Release;
		};
/* End XCBuildConfiguration section */

/* Begin XCConfigurationList section */
		8EE908BE24F7D20000F9E3D8 /* Build configuration list for PBXProject "App_iOS" */ = {
			isa = XCConfigurationList;
			buildConfigurations = (
				8EE908D524F7D20100F9E3D8 /* Debug */,
				8EE908D624F7D20100F9E3D8 /* Release */,
			);
			defaultConfigurationIsVisible = 0;
			defaultConfigurationName = Release;
		};
		8EE908D724F7D20100F9E3D8 /* Build configuration list for PBXNativeTarget "App_iOS" */ = {
			isa = XCConfigurationList;
			buildConfigurations = (
				8EE908D824F7D20100F9E3D8 /* Debug */,
				8EE908D924F7D20100F9E3D8 /* Release */,
			);
			defaultConfigurationIsVisible = 0;
			defaultConfigurationName = Release;
		};
/* End XCConfigurationList section */
	};
	rootObject = 8EE908BB24F7D20000F9E3D8 /* Project object */;
}
